
Microsoft Visual Studio Solution File, Format Version 12.00
# Visual Studio Version 17
VisualStudioVersion = 17.0.31912.275
MinimumVisualStudioVersion = 10.0.40219.1
Project("{9A19103F-16F7-4668-BE54-9A1E7A4F7556}") = "Akka.Persistence.MySql", "Akka.Persistence.MySql\Akka.Persistence.MySql.csproj", "{4B89227B-5AD1-4061-816F-570067C3727F}"
EndProject
Project("{9A19103F-16F7-4668-BE54-9A1E7A4F7556}") = "Akka.Persistence.MySql.Tests", "Akka.Persistence.MySql.Tests\Akka.Persistence.MySql.Tests.csproj", "{2D1812FD-70C0-43EE-9C25-3980E41F30E1}"
EndProject
Project("{2150E333-8FDC-42A3-9474-1A3956D46DE8}") = "Solution Items", "Solution Items", "{EEDB424A-4F28-4171-99D1-08C8DA880BE6}"
	ProjectSection(SolutionItems) = preProject
		..\README.md = ..\README.md
		..\RELEASE_NOTES.md = ..\RELEASE_NOTES.md
		Directory.Build.props = Directory.Build.props
		Directory.Packages.props = Directory.Packages.props
		..\build.fsx = ..\build.fsx
	EndProjectSection
EndProject
Project("{2150E333-8FDC-42A3-9474-1A3956D46DE8}") = "build-system", "build-system", "{9AC42725-E33B-4F78-9FD9-C3AAF71D6584}"
	ProjectSection(SolutionItems) = preProject
		..\build-system\azure-pipeline.template.yaml = ..\build-system\azure-pipeline.template.yaml
		..\build-system\pr-validation.yaml = ..\build-system\pr-validation.yaml
		..\build-system\README.md = ..\build-system\README.md
		..\build-system\windows-release.yaml = ..\build-system\windows-release.yaml
	EndProjectSection
EndProject
Global
	GlobalSection(SolutionConfigurationPlatforms) = preSolution
		Debug|Any CPU = Debug|Any CPU
		Release|Any CPU = Release|Any CPU
	EndGlobalSection
	GlobalSection(ProjectConfigurationPlatforms) = postSolution
		{4B89227B-5AD1-4061-816F-570067C3727F}.Debug|Any CPU.ActiveCfg = Debug|Any CPU
		{4B89227B-5AD1-4061-816F-570067C3727F}.Debug|Any CPU.Build.0 = Debug|Any CPU
		{4B89227B-5AD1-4061-816F-570067C3727F}.Release|Any CPU.ActiveCfg = Release|Any CPU
		{4B89227B-5AD1-4061-816F-570067C3727F}.Release|Any CPU.Build.0 = Release|Any CPU
		{2D1812FD-70C0-43EE-9C25-3980E41F30E1}.Debug|Any CPU.ActiveCfg = Debug|Any CPU
		{2D1812FD-70C0-43EE-9C25-3980E41F30E1}.Debug|Any CPU.Build.0 = Debug|Any CPU
		{2D1812FD-70C0-43EE-9C25-3980E41F30E1}.Release|Any CPU.ActiveCfg = Release|Any CPU
		{2D1812FD-70C0-43EE-9C25-3980E41F30E1}.Release|Any CPU.Build.0 = Release|Any CPU
	EndGlobalSection
	GlobalSection(SolutionProperties) = preSolution
		HideSolutionNode = FALSE
	EndGlobalSection
	GlobalSection(ExtensibilityGlobals) = postSolution
		SolutionGuid = {4C15D702-DBF7-4E33-87CB-18BF8DC98253}
	EndGlobalSection
	GlobalSection(NestedProjects) = preSolution
		{9AC42725-E33B-4F78-9FD9-C3AAF71D6584} = {EEDB424A-4F28-4171-99D1-08C8DA880BE6}
	EndGlobalSection
EndGlobal
